{
  "name": "bench",
  "lockfileVersion": 2,
  "requires": true,
  "packages": {
    "": {
      "name": "bench",
      "dependencies": {
        "@sinonjs/fake-timers": "^9.1.2",
        "id128": "^1.6.6",
        "ulid": "^2.3.0",
        "ulid-b64": "^0.1.5",
        "ulidx": "^0.3.0"
      }
    },
    "node_modules/@sinonjs/commons": {
      "version": "1.8.3",
      "resolved": "https://registry.npmjs.org/@sinonjs/commons/-/commons-1.8.3.tgz",
      "integrity": "sha512-xkNcLAn/wZaX14RPlwizcKicDk9G3F8m2nU3L7Ukm5zBgTwiT0wsoFAHx9Jq56fJA1z/7uKGtCRu16sOUCLIHQ==",
      "dependencies": {
        "type-detect": "4.0.8"
      }
    },
    "node_modules/@sinonjs/fake-timers": {
      "version": "9.1.2",
      "resolved": "https://registry.npmjs.org/@sinonjs/fake-timers/-/fake-timers-9.1.2.tgz",
      "integrity": "sha512-BPS4ynJW/o92PUR4wgriz2Ud5gpST5vz6GQfMixEDK0Z8ZCUv2M7SkBLykH56T++Xs+8ln9zTGbOvNGIe02/jw==",
      "dependencies": {
        "@sinonjs/commons": "^1.7.0"
      }
    },
    "node_modules/id128": {
      "version": "1.6.6",
      "resolved": "https://registry.npmjs.org/id128/-/id128-1.6.6.tgz",
      "integrity": "sha512-ExSXL9qcyQ7X/AfyO4ouARLnztm7Nmry1rwGi1nbrtSM90tjjqKzeMKqJfkw5bDdDX7XqdXIRzYYkVj5PU28Hg==",
      "engines": {
        "node": ">=v6.9.0"
      }
    },
    "node_modules/layerr": {
      "version": "0.1.2",
      "resolved": "https://registry.npmjs.org/layerr/-/layerr-0.1.2.tgz",
      "integrity": "sha512-ob5kTd9H3S4GOG2nVXyQhOu9O8nBgP555XxWPkJI0tR0JeRilfyTp8WtPdIJHLXBmHMSdEq5+KMxiYABeScsIQ=="
    },
    "node_modules/type-detect": {
      "version": "4.0.8",
      "resolved": "https://registry.npmjs.org/type-detect/-/type-detect-4.0.8.tgz",
      "integrity": "sha512-0fr/mIH1dlO+x7TlcMy+bIDqKPsw/70tVyeHW787goQjhmqaZe10uwLujubK9q9Lg6Fiho1KUKDYz0Z7k7g5/g==",
      "engines": {
        "node": ">=4"
      }
    },
    "node_modules/ulid": {
      "version": "2.3.0",
      "resolved": "https://registry.npmjs.org/ulid/-/ulid-2.3.0.tgz",
      "integrity": "sha512-keqHubrlpvT6G2wH0OEfSW4mquYRcbe/J8NMmveoQOjUqmo+hXtO+ORCpWhdbZ7k72UtY61BL7haGxW6enBnjw==",
      "bin": {
        "ulid": "bin/cli.js"
      }
    },
    "node_modules/ulid-b64": {
      "version": "0.1.5",
      "resolved": "https://registry.npmjs.org/ulid-b64/-/ulid-b64-0.1.5.tgz",
      "integrity": "sha512-rrs4MaMCuzDfqwN38g4UvXehnj8Yysm+uUuiD6EdrQePsLsEuVT1LyDqsTwGzRRZ1rSldnr4y5xrB5mZDeBPvQ==",
      "engines": {
        "node": "^16.0.0"
      }
    },
    "node_modules/ulidx": {
      "version": "0.3.0",
      "resolved": "https://registry.npmjs.org/ulidx/-/ulidx-0.3.0.tgz",
      "integrity": "sha512-Qvpa2xAzS6fBUpiqHSHWvn6XiSLCAPyNDDz035vsEWmUoXRqC4c9JySLIfdBuK0N1xGBxng6GHDOZgyNQfxAHg==",
      "dependencies": {
        "layerr": "^0.1.2"
      }
    }
  },
  "dependencies": {
    "@sinonjs/commons": {
      "version": "1.8.3",
      "resolved": "https://registry.npmjs.org/@sinonjs/commons/-/commons-1.8.3.tgz",
      "integrity": "sha512-xkNcLAn/wZaX14RPlwizcKicDk9G3F8m2nU3L7Ukm5zBgTwiT0wsoFAHx9Jq56fJA1z/7uKGtCRu16sOUCLIHQ==",
      "requires": {
        "type-detect": "4.0.8"
      }
    },
    "@sinonjs/fake-timers": {
      "version": "9.1.2",
      "resolved": "https://registry.npmjs.org/@sinonjs/fake-timers/-/fake-timers-9.1.2.tgz",
      "integrity": "sha512-BPS4ynJW/o92PUR4wgriz2Ud5gpST5vz6GQfMixEDK0Z8ZCUv2M7SkBLykH56T++Xs+8ln9zTGbOvNGIe02/jw==",
      "requires": {
        "@sinonjs/commons": "^1.7.0"
      }
    },
    "id128": {
      "version": "1.6.6",
      "resolved": "https://registry.npmjs.org/id128/-/id128-1.6.6.tgz",
      "integrity": "sha512-ExSXL9qcyQ7X/AfyO4ouARLnztm7Nmry1rwGi1nbrtSM90tjjqKzeMKqJfkw5bDdDX7XqdXIRzYYkVj5PU28Hg=="
    },
    "layerr": {
      "version": "0.1.2",
      "resolved": "https://registry.npmjs.org/layerr/-/layerr-0.1.2.tgz",
      "integrity": "sha512-ob5kTd9H3S4GOG2nVXyQhOu9O8nBgP555XxWPkJI0tR0JeRilfyTp8WtPdIJHLXBmHMSdEq5+KMxiYABeScsIQ=="
    },
    "type-detect": {
      "version": "4.0.8",
      "resolved": "https://registry.npmjs.org/type-detect/-/type-detect-4.0.8.tgz",
      "integrity": "sha512-0fr/mIH1dlO+x7TlcMy+bIDqKPsw/70tVyeHW787goQjhmqaZe10uwLujubK9q9Lg6Fiho1KUKDYz0Z7k7g5/g=="
    },
    "ulid": {
      "version": "2.3.0",
      "resolved": "https://registry.npmjs.org/ulid/-/ulid-2.3.0.tgz",
      "integrity": "sha512-keqHubrlpvT6G2wH0OEfSW4mquYRcbe/J8NMmveoQOjUqmo+hXtO+ORCpWhdbZ7k72UtY61BL7haGxW6enBnjw=="
    },
    "ulid-b64": {
      "version": "0.1.5",
      "resolved": "https://registry.npmjs.org/ulid-b64/-/ulid-b64-0.1.5.tgz",
      "integrity": "sha512-rrs4MaMCuzDfqwN38g4UvXehnj8Yysm+uUuiD6EdrQePsLsEuVT1LyDqsTwGzRRZ1rSldnr4y5xrB5mZDeBPvQ=="
    },
    "ulidx": {
      "version": "0.3.0",
      "resolved": "https://registry.npmjs.org/ulidx/-/ulidx-0.3.0.tgz",
      "integrity": "sha512-Qvpa2xAzS6fBUpiqHSHWvn6XiSLCAPyNDDz035vsEWmUoXRqC4c9JySLIfdBuK0N1xGBxng6GHDOZgyNQfxAHg==",
      "requires": {
        "layerr": "^0.1.2"
      }
    }
  }
}
